
Microsoft Visual Studio Solution File, Format Version 12.00
# Visual Studio Version 17
VisualStudioVersion = 17.14.36623.8 d17.14
MinimumVisualStudioVersion = 10.0.40219.1
Project("{FAE04EC0-301F-11D3-BF4B-00C04F79EFBC}") = "Lb2", "Lb2\Lb2.csproj", "{DC87BCA8-5AD2-483A-96A5-8A82381F35BC}"
EndProject
Global
	GlobalSection(SolutionConfigurationPlatforms) = preSolution
		Debug|Any CPU = Debug|Any CPU
		Release|Any CPU = Release|Any CPU
	EndGlobalSection
	GlobalSection(ProjectConfigurationPlatforms) = postSolution
		{DC87BCA8-5AD2-483A-96A5-8A82381F35BC}.Debug|Any CPU.ActiveCfg = Debug|Any CPU
		{DC87BCA8-5AD2-483A-96A5-8A82381F35BC}.Debug|Any CPU.Build.0 = Debug|Any CPU
		{DC87BCA8-5AD2-483A-96A5-8A82381F35BC}.Release|Any CPU.ActiveCfg = Release|Any CPU
		{DC87BCA8-5AD2-483A-96A5-8A82381F35BC}.Release|Any CPU.Build.0 = Release|Any CPU
	EndGlobalSection
	GlobalSection(SolutionProperties) = preSolution
		HideSolutionNode = FALSE
	EndGlobalSection
	GlobalSection(ExtensibilityGlobals) = postSolution
		SolutionGuid = {A8E92678-AB32-4C85-86EE-C880787065EC}
	EndGlobalSection
EndGlobal
